
Microsoft Visual Studio Solution File, Format Version 12.00
# Visual Studio Version 17
VisualStudioVersion = 17.11.35327.3
MinimumVisualStudioVersion = 10.0.40219.1
Project("{FAE04EC0-301F-11D3-BF4B-00C04F79EFBC}") = "cari", "cari.csproj", "{D9FB60F1-6261-4E84-8B5D-3BE7DE7E583B}"
EndProject
Global
	GlobalSection(SolutionConfigurationPlatforms) = preSolution
		Debug|Any CPU = Debug|Any CPU
		Release|Any CPU = Release|Any CPU
	EndGlobalSection
	GlobalSection(ProjectConfigurationPlatforms) = postSolution
		{D9FB60F1-6261-4E84-8B5D-3BE7DE7E583B}.Debug|Any CPU.ActiveCfg = Debug|Any CPU
		{D9FB60F1-6261-4E84-8B5D-3BE7DE7E583B}.Debug|Any CPU.Build.0 = Debug|Any CPU
		{D9FB60F1-6261-4E84-8B5D-3BE7DE7E583B}.Release|Any CPU.ActiveCfg = Release|Any CPU
		{D9FB60F1-6261-4E84-8B5D-3BE7DE7E583B}.Release|Any CPU.Build.0 = Release|Any CPU
	EndGlobalSection
	GlobalSection(SolutionProperties) = preSolution
		HideSolutionNode = FALSE
	EndGlobalSection
	GlobalSection(ExtensibilityGlobals) = postSolution
		SolutionGuid = {61F646F5-0231-42E3-AB07-194075368112}
	EndGlobalSection
EndGlobal
